
Microsoft Visual Studio Solution File, Format Version 12.00
# Visual Studio Version 17
VisualStudioVersion = 17.11.35312.102
MinimumVisualStudioVersion = 10.0.40219.1
Project("{FAE04EC0-301F-11D3-BF4B-00C04F79EFBC}") = "HelpDeskAPI", "HelpDeskAPI.csproj", "{84A73D1C-6563-4CAB-B6C0-7664A7F87029}"
EndProject
Global
	GlobalSection(SolutionConfigurationPlatforms) = preSolution
		Debug|Any CPU = Debug|Any CPU
		Release|Any CPU = Release|Any CPU
	EndGlobalSection
	GlobalSection(ProjectConfigurationPlatforms) = postSolution
		{84A73D1C-6563-4CAB-B6C0-7664A7F87029}.Debug|Any CPU.ActiveCfg = Debug|Any CPU
		{84A73D1C-6563-4CAB-B6C0-7664A7F87029}.Debug|Any CPU.Build.0 = Debug|Any CPU
		{84A73D1C-6563-4CAB-B6C0-7664A7F87029}.Release|Any CPU.ActiveCfg = Release|Any CPU
		{84A73D1C-6563-4CAB-B6C0-7664A7F87029}.Release|Any CPU.Build.0 = Release|Any CPU
	EndGlobalSection
	GlobalSection(SolutionProperties) = preSolution
		HideSolutionNode = FALSE
	EndGlobalSection
	GlobalSection(ExtensibilityGlobals) = postSolution
		SolutionGuid = {46808BED-804A-4312-9714-85EFBCA95078}
	EndGlobalSection
EndGlobal
